
Microsoft Visual Studio Solution File, Format Version 12.00
# Visual Studio Version 17
VisualStudioVersion = 17.2.32526.322
MinimumVisualStudioVersion = 10.0.40219.1
Project("{9A19103F-16F7-4668-BE54-9A1E7A4F7556}") = "MessageQueues", "MessageQueues\MessageQueues.csproj", "{55E0A051-C13D-4A47-8A37-38B63063E59A}"
EndProject
Project("{2150E333-8FDC-42A3-9474-1A3956D46DE8}") = "Subcribers", "Subcribers", "{B69D8BA1-728C-4639-947C-62F6CED2B8E1}"
EndProject
Project("{9A19103F-16F7-4668-BE54-9A1E7A4F7556}") = "IWS.Contracts", "IWS.Contracts\IWS.Contracts.csproj", "{D644DFEA-5CED-4102-9806-085B6039E124}"
EndProject
Project("{9A19103F-16F7-4668-BE54-9A1E7A4F7556}") = "IWS.Events", "IWS.Events\IWS.Events.csproj", "{8F32DA6A-1B2C-47F2-A743-B04C76D63F2A}"
EndProject
Project("{2150E333-8FDC-42A3-9474-1A3956D46DE8}") = "Population", "Population", "{4C746A67-599E-4EAF-BEC6-DA2C54D2918D}"
EndProject
Project("{2150E333-8FDC-42A3-9474-1A3956D46DE8}") = "Food", "Food", "{516DDD30-CEF3-4C37-84CD-E48EAE5A7FB2}"
EndProject
Project("{9A19103F-16F7-4668-BE54-9A1E7A4F7556}") = "IWS.Contracts.Population", "IWS.Population.Contracts\IWS.Contracts.Population.csproj", "{37789010-9750-45CA-9EA8-3B21FA8113D0}"
EndProject
Project("{9A19103F-16F7-4668-BE54-9A1E7A4F7556}") = "IWS.Events.Population", "IWS.Population.Events\IWS.Events.Population.csproj", "{5C2BB4C7-3D80-4ECE-91B1-CF7A499E4AC7}"
EndProject
Project("{9A19103F-16F7-4668-BE54-9A1E7A4F7556}") = "IWS.Common.Access", "IWS.Common.Access\IWS.Common.Access.csproj", "{0EEBA951-91E5-451D-A39B-43027DCE7533}"
EndProject
Project("{9A19103F-16F7-4668-BE54-9A1E7A4F7556}") = "IWS.Common", "IWS.Common\IWS.Common.csproj", "{811340A2-5065-4A98-9416-740E4145563B}"
EndProject
Project("{9A19103F-16F7-4668-BE54-9A1E7A4F7556}") = "IWS.Common.Startups", "IWS.Common.Startups\IWS.Common.Startups.csproj", "{21382227-267F-40FB-A4E3-4248DE9B1C0E}"
EndProject
Project("{2150E333-8FDC-42A3-9474-1A3956D46DE8}") = "Tests", "Tests", "{F106DAB3-2B94-4AC1-AB1B-39D3A747A654}"
EndProject
Project("{2150E333-8FDC-42A3-9474-1A3956D46DE8}") = "Water", "Water", "{8662849F-973F-4489-A990-51B3B7015EDB}"
EndProject
Project("{9A19103F-16F7-4668-BE54-9A1E7A4F7556}") = "IWS.Water.Business", "IWS.Water.Business\IWS.Water.Business.csproj", "{CCF2EDA1-FBDB-4073-B8DD-30B4B61891B4}"
EndProject
Project("{9A19103F-16F7-4668-BE54-9A1E7A4F7556}") = "IWS.Water.Access", "IWS.Water.Access\IWS.Water.Access.csproj", "{A5CE067E-D4AA-41A4-BB82-6843F98530E1}"
EndProject
Project("{9A19103F-16F7-4668-BE54-9A1E7A4F7556}") = "IWS.Contracts.Water", "IWS.Contracts.Water\IWS.Contracts.Water.csproj", "{1435B8E4-3AAF-4711-A152-82079B0E40F0}"
EndProject
Project("{2150E333-8FDC-42A3-9474-1A3956D46DE8}") = "Tests", "Tests", "{2717096E-0EFA-421B-91D5-3A987D7890F4}"
EndProject
Project("{2150E333-8FDC-42A3-9474-1A3956D46DE8}") = "Shelter", "Shelter", "{B16D0962-1FC0-45AD-8CFD-7F93BE2A216A}"
EndProject
Project("{9A19103F-16F7-4668-BE54-9A1E7A4F7556}") = "IWS.Shelter.Api", "IWS.Shelter.Api\src\IWS.Shelter.Api\IWS.Shelter.Api.csproj", "{7AD8A457-2E64-4637-8B7C-E3115383AA6A}"
EndProject
Project("{9A19103F-16F7-4668-BE54-9A1E7A4F7556}") = "IWS.Water.Api", "IWS.Water.Api\src\IWS.Water.Api\IWS.Water.Api.csproj", "{47C71537-560E-4D50-9510-F1A96A5BA2BF}"
EndProject
Project("{9A19103F-16F7-4668-BE54-9A1E7A4F7556}") = "IWS.Population.Business", "IWS.Population.Business\IWS.Population.Business.csproj", "{E418F5C9-720C-4DE3-BF84-F2458C5F831A}"
EndProject
Project("{9A19103F-16F7-4668-BE54-9A1E7A4F7556}") = "IWS.Population.Access", "IWS.Population.Access\IWS.Population.Access.csproj", "{466ACE9C-AC27-431D-A536-2BE7B12A1EA2}"
EndProject
Project("{9A19103F-16F7-4668-BE54-9A1E7A4F7556}") = "IWS.Contracts.Shelter", "IWS.Contracts.Shelter\IWS.Contracts.Shelter.csproj", "{946ADE47-A68C-41D2-A8AF-C81FA94E9197}"
EndProject
Project("{9A19103F-16F7-4668-BE54-9A1E7A4F7556}") = "IWS.Events.Shelter", "IWS.Events.Shelter\IWS.Events.Shelter.csproj", "{ED97634B-F811-411C-B557-59C1D7A8EAD3}"
EndProject
Project("{9A19103F-16F7-4668-BE54-9A1E7A4F7556}") = "IWS.Events.Water", "IWS.Events.Water\IWS.Events.Water.csproj", "{D806B2C7-30D3-4230-85E2-A52EAE0605AC}"
EndProject
Project("{9A19103F-16F7-4668-BE54-9A1E7A4F7556}") = "IWS.Contracts.Food", "IWS.Contracts.Food\IWS.Contracts.Food.csproj", "{BF955270-CC89-4E6D-B5C3-DF2A02ACD4C5}"
EndProject
Project("{9A19103F-16F7-4668-BE54-9A1E7A4F7556}") = "IWS.Events.Food", "IWS.Events.Food\IWS.Events.Food.csproj", "{D3B795B5-C76C-436B-B02A-B605F2F7AEDB}"
EndProject
Project("{9A19103F-16F7-4668-BE54-9A1E7A4F7556}") = "IWS.Food.Business", "IWS.Food.Business\IWS.Food.Business.csproj", "{4998D9E4-ACBB-48F9-944B-A43F30FE8261}"
EndProject
Project("{9A19103F-16F7-4668-BE54-9A1E7A4F7556}") = "IWS.Food.Access", "IWS.Food.Access\IWS.Food.Access.csproj", "{3F373B02-07B8-4D1A-915D-674DFA94685E}"
EndProject
Project("{9A19103F-16F7-4668-BE54-9A1E7A4F7556}") = "IWS.Food.Api", "IWS.Food.Api\src\IWS.Food.Api\IWS.Food.Api.csproj", "{D60BCC3E-2488-4C9B-B4B5-1FF467449CCF}"
EndProject
Project("{2150E333-8FDC-42A3-9474-1A3956D46DE8}") = "Tests", "Tests", "{4BDFD178-9A47-4F3A-97A1-D9CB137B7108}"
EndProject
Project("{9A19103F-16F7-4668-BE54-9A1E7A4F7556}") = "IWS.Food.Api.Tests", "IWS.Food.Api\test\IWS.Food.Api.Tests\IWS.Food.Api.Tests.csproj", "{0F6235B4-C992-4C95-BF30-A9E171142F22}"
EndProject
Project("{2150E333-8FDC-42A3-9474-1A3956D46DE8}") = "Tests", "Tests", "{FE2C4C0D-26DE-43E6-A350-FDE2D7306404}"
EndProject
Project("{9A19103F-16F7-4668-BE54-9A1E7A4F7556}") = "IWS.Shelter.Api.Tests", "IWS.Shelter.Api\test\IWS.Shelter.Api.Tests\IWS.Shelter.Api.Tests.csproj", "{238B96D8-F670-415D-919D-DE646AE8E9F3}"
EndProject
Project("{9A19103F-16F7-4668-BE54-9A1E7A4F7556}") = "IWS.Water.Api.Tests", "IWS.Water.Api\test\IWS.Water.Api.Tests\IWS.Water.Api.Tests.csproj", "{E38C6FA3-5670-4410-84B7-54BF0047D5B7}"
EndProject
Project("{2150E333-8FDC-42A3-9474-1A3956D46DE8}") = "Subscribers", "Subscribers", "{7C603C66-6EE7-438F-A4A4-42D8582470C4}"
EndProject
Project("{2150E333-8FDC-42A3-9474-1A3956D46DE8}") = "Subscribers", "Subscribers", "{F0E8A30F-ABF8-46DB-B5E5-2523B9989998}"
EndProject
Project("{2150E333-8FDC-42A3-9474-1A3956D46DE8}") = "Subscribers", "Subscribers", "{77152508-5A92-4A78-9F1E-F0333C9C9E36}"
EndProject
Project("{9A19103F-16F7-4668-BE54-9A1E7A4F7556}") = "IWS.Shelter.Business", "IWS.Shelter.Business\IWS.Shelter.Business.csproj", "{C275B1C3-BCE3-4A61-82FE-DA3D6350C8AB}"
EndProject
Project("{9A19103F-16F7-4668-BE54-9A1E7A4F7556}") = "IWS.Shelter.Access", "IWS.Shelter.Access\IWS.Shelter.Access.csproj", "{8CE77742-152F-4702-B47C-68FADAFFF411}"
EndProject
Project("{9A19103F-16F7-4668-BE54-9A1E7A4F7556}") = "IWS.Population.Api", "IWS.Population.Api\src\IWS.Population.Api\IWS.Population.Api.csproj", "{3BC6AD75-F9E4-474C-BE85-CA5A87537974}"
EndProject
Project("{9A19103F-16F7-4668-BE54-9A1E7A4F7556}") = "IWS.Population.Api.Tests", "IWS.Population.Api\test\IWS.Population.Api.Tests\IWS.Population.Api.Tests.csproj", "{939C687A-E21A-4337-9F86-3798EF28BCAF}"
EndProject
Project("{9A19103F-16F7-4668-BE54-9A1E7A4F7556}") = "IWS.Water.Subscriber", "IWS.Water.Subscriber\src\IWS.Water.Subscriber\IWS.Water.Subscriber.csproj", "{E8EBED75-01F6-4702-B8BE-8EC7ED2C76E0}"
EndProject
Project("{9A19103F-16F7-4668-BE54-9A1E7A4F7556}") = "IWS.Water.Subscriber.Tests", "IWS.Water.Subscriber\test\IWS.Water.Subscriber.Tests\IWS.Water.Subscriber.Tests.csproj", "{BA5D71FE-AF31-41C4-9678-F2590E013D4D}"
EndProject
Project("{9A19103F-16F7-4668-BE54-9A1E7A4F7556}") = "IWS.Prototypes", "IWS.Prototypes\IWS.Prototypes.csproj", "{0640F43B-86B6-4761-8F4F-5701EE3E4EA6}"
EndProject
Project("{2150E333-8FDC-42A3-9474-1A3956D46DE8}") = "IntegrationVerification", "IntegrationVerification", "{FA943963-4767-4B99-95D2-287124CB28D2}"
EndProject
Project("{9A19103F-16F7-4668-BE54-9A1E7A4F7556}") = "SNS.To.Lambda", "IntegrationVerification\SNS.To.Lambda\src\SNS.To.Lambda\SNS.To.Lambda.csproj", "{45469916-50BB-4B47-B032-786CF85EBD6A}"
EndProject
Project("{2150E333-8FDC-42A3-9474-1A3956D46DE8}") = "Tests", "Tests", "{C81BADBC-38F5-42BC-BD1D-B4250CA75B73}"
EndProject
Project("{9A19103F-16F7-4668-BE54-9A1E7A4F7556}") = "SNS.To.Lambda.Tests", "IntegrationVerification\SNS.To.Lambda\test\SNS.To.Lambda.Tests\SNS.To.Lambda.Tests.csproj", "{ABE7F6B5-DF86-47A3-AE28-73BDB10BC299}"
EndProject
Project("{9A19103F-16F7-4668-BE54-9A1E7A4F7556}") = "AEW.Nucleus.Water.API", "AEW.Nucleus.Water.API\src\AEW.Nucleus.Water.API\AEW.Nucleus.Water.API.csproj", "{C68524D6-446B-49E7-9A0D-194F7150DC96}"
EndProject
Project("{9A19103F-16F7-4668-BE54-9A1E7A4F7556}") = "AEW.Common.Access", "AEW.Common.Access\AEW.Common.Access.csproj", "{9FC16180-01EF-4605-8B93-DCB6078D868A}"
EndProject
Project("{2150E333-8FDC-42A3-9474-1A3956D46DE8}") = "Common", "Common", "{4482D3F6-63AE-4F2D-B0D4-2705C2F7C83A}"
EndProject
Project("{9A19103F-16F7-4668-BE54-9A1E7A4F7556}") = "AEW.Common.Startups", "AEW.Common.Startups\AEW.Common.Startups.csproj", "{6523BCD7-A3C2-42DD-B87D-4CE62794740C}"
EndProject
Project("{9A19103F-16F7-4668-BE54-9A1E7A4F7556}") = "AEW.Contracts", "AEW.Contracts\AEW.Contracts.csproj", "{272C8C60-6C5F-4586-A5E2-3D9F4BFDC0A2}"
EndProject
Project("{9A19103F-16F7-4668-BE54-9A1E7A4F7556}") = "AEW.Events", "AEW.Events\AEW.Events.csproj", "{30EC0B46-7FB9-40A8-8D07-52BFD4AC0FE5}"
EndProject
Project("{9A19103F-16F7-4668-BE54-9A1E7A4F7556}") = "AEW.Common", "AEW.Common\AEW.Common.csproj", "{9EBBD23B-F2C7-4E04-9B1B-ED3825C522D9}"
EndProject
Project("{9A19103F-16F7-4668-BE54-9A1E7A4F7556}") = "AEW.Nucleus.Water.Business", "AEW.Nucleus.Water.Business\AEW.Nucleus.Water.Business.csproj", "{42352296-5EA6-4167-AAAB-199DE4AC2F15}"
EndProject
Project("{9A19103F-16F7-4668-BE54-9A1E7A4F7556}") = "AEW.Nucleus.Water.Access", "AEW.Nucleus.Water.Access\AEW.Nucleus.Water.Access.csproj", "{EEDB0C92-E330-4A3C-9840-18E372B72BBF}"
EndProject
Project("{9A19103F-16F7-4668-BE54-9A1E7A4F7556}") = "AEW.Contracts.Nucleus.Water", "AEW.Contracts.Water\AEW.Contracts.Nucleus.Water.csproj", "{1A6183E2-03F1-4E9F-90E9-D5F55490A9C7}"
EndProject
Project("{9A19103F-16F7-4668-BE54-9A1E7A4F7556}") = "AEW.Prototypes", "AEW.Prototypes\AEW.Prototypes.csproj", "{C80F3548-403D-486D-8B35-3EAEC8E2303C}"
EndProject
Project("{9A19103F-16F7-4668-BE54-9A1E7A4F7556}") = "AEW.Events.Nucleus.Water", "AEW.Events.Nucleus.Water\AEW.Events.Nucleus.Water.csproj", "{0F44D7C4-60C6-49A8-85F0-662A44DC510F}"
EndProject
Project("{2150E333-8FDC-42A3-9474-1A3956D46DE8}") = "Deprecate", "Deprecate", "{F75D4B42-C0DE-46D0-B316-8592046714B1}"
EndProject
Project("{2150E333-8FDC-42A3-9474-1A3956D46DE8}") = "Deprecate", "Deprecate", "{5C570452-261A-4367-9113-FAF6299FCDF0}"
EndProject
Project("{2150E333-8FDC-42A3-9474-1A3956D46DE8}") = "FullyDeprecated", "FullyDeprecated", "{CB846A08-65B6-479E-AB0C-2718B701CFCB}"
EndProject
Project("{2150E333-8FDC-42A3-9474-1A3956D46DE8}") = "Fully Deprecated", "Fully Deprecated", "{9C049830-FFB6-40A2-A659-C0027F5BF92D}"
EndProject
Project("{9A19103F-16F7-4668-BE54-9A1E7A4F7556}") = "AEW.Nucleus.Water.Subscriber.Tests", "Subscribers\AEW.Nucleus.Water.Subscriber\test\AEW.Nucleus.Water.Subscriber.Tests\AEW.Nucleus.Water.Subscriber.Tests.csproj", "{561C3CA2-D7EB-4258-A3FC-2C073F634350}"
EndProject
Project("{9A19103F-16F7-4668-BE54-9A1E7A4F7556}") = "AEW.Nucleus.Water.Subscriber", "Subscribers\AEW.Nucleus.Water.Subscriber\src\AEW.Nucleus.Water.Subscriber\AEW.Nucleus.Water.Subscriber.csproj", "{E97A2A24-A3E4-4313-BDE8-EBFAA63FC3CB}"
EndProject
Global
	GlobalSection(SolutionConfigurationPlatforms) = preSolution
		Debug|Any CPU = Debug|Any CPU
		Release|Any CPU = Release|Any CPU
	EndGlobalSection
	GlobalSection(ProjectConfigurationPlatforms) = postSolution
		{55E0A051-C13D-4A47-8A37-38B63063E59A}.Debug|Any CPU.ActiveCfg = Debug|Any CPU
		{55E0A051-C13D-4A47-8A37-38B63063E59A}.Debug|Any CPU.Build.0 = Debug|Any CPU
		{55E0A051-C13D-4A47-8A37-38B63063E59A}.Release|Any CPU.ActiveCfg = Release|Any CPU
		{55E0A051-C13D-4A47-8A37-38B63063E59A}.Release|Any CPU.Build.0 = Release|Any CPU
		{D644DFEA-5CED-4102-9806-085B6039E124}.Debug|Any CPU.ActiveCfg = Debug|Any CPU
		{D644DFEA-5CED-4102-9806-085B6039E124}.Debug|Any CPU.Build.0 = Debug|Any CPU
		{D644DFEA-5CED-4102-9806-085B6039E124}.Release|Any CPU.ActiveCfg = Release|Any CPU
		{D644DFEA-5CED-4102-9806-085B6039E124}.Release|Any CPU.Build.0 = Release|Any CPU
		{8F32DA6A-1B2C-47F2-A743-B04C76D63F2A}.Debug|Any CPU.ActiveCfg = Debug|Any CPU
		{8F32DA6A-1B2C-47F2-A743-B04C76D63F2A}.Debug|Any CPU.Build.0 = Debug|Any CPU
		{8F32DA6A-1B2C-47F2-A743-B04C76D63F2A}.Release|Any CPU.ActiveCfg = Release|Any CPU
		{8F32DA6A-1B2C-47F2-A743-B04C76D63F2A}.Release|Any CPU.Build.0 = Release|Any CPU
		{37789010-9750-45CA-9EA8-3B21FA8113D0}.Debug|Any CPU.ActiveCfg = Debug|Any CPU
		{37789010-9750-45CA-9EA8-3B21FA8113D0}.Debug|Any CPU.Build.0 = Debug|Any CPU
		{37789010-9750-45CA-9EA8-3B21FA8113D0}.Release|Any CPU.ActiveCfg = Release|Any CPU
		{37789010-9750-45CA-9EA8-3B21FA8113D0}.Release|Any CPU.Build.0 = Release|Any CPU
		{5C2BB4C7-3D80-4ECE-91B1-CF7A499E4AC7}.Debug|Any CPU.ActiveCfg = Debug|Any CPU
		{5C2BB4C7-3D80-4ECE-91B1-CF7A499E4AC7}.Debug|Any CPU.Build.0 = Debug|Any CPU
		{5C2BB4C7-3D80-4ECE-91B1-CF7A499E4AC7}.Release|Any CPU.ActiveCfg = Release|Any CPU
		{5C2BB4C7-3D80-4ECE-91B1-CF7A499E4AC7}.Release|Any CPU.Build.0 = Release|Any CPU
		{0EEBA951-91E5-451D-A39B-43027DCE7533}.Debug|Any CPU.ActiveCfg = Debug|Any CPU
		{0EEBA951-91E5-451D-A39B-43027DCE7533}.Debug|Any CPU.Build.0 = Debug|Any CPU
		{0EEBA951-91E5-451D-A39B-43027DCE7533}.Release|Any CPU.ActiveCfg = Release|Any CPU
		{0EEBA951-91E5-451D-A39B-43027DCE7533}.Release|Any CPU.Build.0 = Release|Any CPU
		{811340A2-5065-4A98-9416-740E4145563B}.Debug|Any CPU.ActiveCfg = Debug|Any CPU
		{811340A2-5065-4A98-9416-740E4145563B}.Debug|Any CPU.Build.0 = Debug|Any CPU
		{811340A2-5065-4A98-9416-740E4145563B}.Release|Any CPU.ActiveCfg = Release|Any CPU
		{811340A2-5065-4A98-9416-740E4145563B}.Release|Any CPU.Build.0 = Release|Any CPU
		{21382227-267F-40FB-A4E3-4248DE9B1C0E}.Debug|Any CPU.ActiveCfg = Debug|Any CPU
		{21382227-267F-40FB-A4E3-4248DE9B1C0E}.Debug|Any CPU.Build.0 = Debug|Any CPU
		{21382227-267F-40FB-A4E3-4248DE9B1C0E}.Release|Any CPU.ActiveCfg = Release|Any CPU
		{21382227-267F-40FB-A4E3-4248DE9B1C0E}.Release|Any CPU.Build.0 = Release|Any CPU
		{CCF2EDA1-FBDB-4073-B8DD-30B4B61891B4}.Debug|Any CPU.ActiveCfg = Debug|Any CPU
		{CCF2EDA1-FBDB-4073-B8DD-30B4B61891B4}.Debug|Any CPU.Build.0 = Debug|Any CPU
		{CCF2EDA1-FBDB-4073-B8DD-30B4B61891B4}.Release|Any CPU.ActiveCfg = Release|Any CPU
		{CCF2EDA1-FBDB-4073-B8DD-30B4B61891B4}.Release|Any CPU.Build.0 = Release|Any CPU
		{A5CE067E-D4AA-41A4-BB82-6843F98530E1}.Debug|Any CPU.ActiveCfg = Debug|Any CPU
		{A5CE067E-D4AA-41A4-BB82-6843F98530E1}.Debug|Any CPU.Build.0 = Debug|Any CPU
		{A5CE067E-D4AA-41A4-BB82-6843F98530E1}.Release|Any CPU.ActiveCfg = Release|Any CPU
		{A5CE067E-D4AA-41A4-BB82-6843F98530E1}.Release|Any CPU.Build.0 = Release|Any CPU
		{1435B8E4-3AAF-4711-A152-82079B0E40F0}.Debug|Any CPU.ActiveCfg = Debug|Any CPU
		{1435B8E4-3AAF-4711-A152-82079B0E40F0}.Debug|Any CPU.Build.0 = Debug|Any CPU
		{1435B8E4-3AAF-4711-A152-82079B0E40F0}.Release|Any CPU.ActiveCfg = Release|Any CPU
		{1435B8E4-3AAF-4711-A152-82079B0E40F0}.Release|Any CPU.Build.0 = Release|Any CPU
		{7AD8A457-2E64-4637-8B7C-E3115383AA6A}.Debug|Any CPU.ActiveCfg = Debug|Any CPU
		{7AD8A457-2E64-4637-8B7C-E3115383AA6A}.Debug|Any CPU.Build.0 = Debug|Any CPU
		{7AD8A457-2E64-4637-8B7C-E3115383AA6A}.Release|Any CPU.ActiveCfg = Release|Any CPU
		{7AD8A457-2E64-4637-8B7C-E3115383AA6A}.Release|Any CPU.Build.0 = Release|Any CPU
		{47C71537-560E-4D50-9510-F1A96A5BA2BF}.Debug|Any CPU.ActiveCfg = Debug|Any CPU
		{47C71537-560E-4D50-9510-F1A96A5BA2BF}.Debug|Any CPU.Build.0 = Debug|Any CPU
		{47C71537-560E-4D50-9510-F1A96A5BA2BF}.Release|Any CPU.ActiveCfg = Release|Any CPU
		{47C71537-560E-4D50-9510-F1A96A5BA2BF}.Release|Any CPU.Build.0 = Release|Any CPU
		{E418F5C9-720C-4DE3-BF84-F2458C5F831A}.Debug|Any CPU.ActiveCfg = Debug|Any CPU
		{E418F5C9-720C-4DE3-BF84-F2458C5F831A}.Debug|Any CPU.Build.0 = Debug|Any CPU
		{E418F5C9-720C-4DE3-BF84-F2458C5F831A}.Release|Any CPU.ActiveCfg = Release|Any CPU
		{E418F5C9-720C-4DE3-BF84-F2458C5F831A}.Release|Any CPU.Build.0 = Release|Any CPU
		{466ACE9C-AC27-431D-A536-2BE7B12A1EA2}.Debug|Any CPU.ActiveCfg = Debug|Any CPU
		{466ACE9C-AC27-431D-A536-2BE7B12A1EA2}.Debug|Any CPU.Build.0 = Debug|Any CPU
		{466ACE9C-AC27-431D-A536-2BE7B12A1EA2}.Release|Any CPU.ActiveCfg = Release|Any CPU
		{466ACE9C-AC27-431D-A536-2BE7B12A1EA2}.Release|Any CPU.Build.0 = Release|Any CPU
		{946ADE47-A68C-41D2-A8AF-C81FA94E9197}.Debug|Any CPU.ActiveCfg = Debug|Any CPU
		{946ADE47-A68C-41D2-A8AF-C81FA94E9197}.Debug|Any CPU.Build.0 = Debug|Any CPU
		{946ADE47-A68C-41D2-A8AF-C81FA94E9197}.Release|Any CPU.ActiveCfg = Release|Any CPU
		{946ADE47-A68C-41D2-A8AF-C81FA94E9197}.Release|Any CPU.Build.0 = Release|Any CPU
		{ED97634B-F811-411C-B557-59C1D7A8EAD3}.Debug|Any CPU.ActiveCfg = Debug|Any CPU
		{ED97634B-F811-411C-B557-59C1D7A8EAD3}.Debug|Any CPU.Build.0 = Debug|Any CPU
		{ED97634B-F811-411C-B557-59C1D7A8EAD3}.Release|Any CPU.ActiveCfg = Release|Any CPU
		{ED97634B-F811-411C-B557-59C1D7A8EAD3}.Release|Any CPU.Build.0 = Release|Any CPU
		{D806B2C7-30D3-4230-85E2-A52EAE0605AC}.Debug|Any CPU.ActiveCfg = Debug|Any CPU
		{D806B2C7-30D3-4230-85E2-A52EAE0605AC}.Debug|Any CPU.Build.0 = Debug|Any CPU
		{D806B2C7-30D3-4230-85E2-A52EAE0605AC}.Release|Any CPU.ActiveCfg = Release|Any CPU
		{D806B2C7-30D3-4230-85E2-A52EAE0605AC}.Release|Any CPU.Build.0 = Release|Any CPU
		{BF955270-CC89-4E6D-B5C3-DF2A02ACD4C5}.Debug|Any CPU.ActiveCfg = Debug|Any CPU
		{BF955270-CC89-4E6D-B5C3-DF2A02ACD4C5}.Debug|Any CPU.Build.0 = Debug|Any CPU
		{BF955270-CC89-4E6D-B5C3-DF2A02ACD4C5}.Release|Any CPU.ActiveCfg = Release|Any CPU
		{BF955270-CC89-4E6D-B5C3-DF2A02ACD4C5}.Release|Any CPU.Build.0 = Release|Any CPU
		{D3B795B5-C76C-436B-B02A-B605F2F7AEDB}.Debug|Any CPU.ActiveCfg = Debug|Any CPU
		{D3B795B5-C76C-436B-B02A-B605F2F7AEDB}.Debug|Any CPU.Build.0 = Debug|Any CPU
		{D3B795B5-C76C-436B-B02A-B605F2F7AEDB}.Release|Any CPU.ActiveCfg = Release|Any CPU
		{D3B795B5-C76C-436B-B02A-B605F2F7AEDB}.Release|Any CPU.Build.0 = Release|Any CPU
		{4998D9E4-ACBB-48F9-944B-A43F30FE8261}.Debug|Any CPU.ActiveCfg = Debug|Any CPU
		{4998D9E4-ACBB-48F9-944B-A43F30FE8261}.Debug|Any CPU.Build.0 = Debug|Any CPU
		{4998D9E4-ACBB-48F9-944B-A43F30FE8261}.Release|Any CPU.ActiveCfg = Release|Any CPU
		{4998D9E4-ACBB-48F9-944B-A43F30FE8261}.Release|Any CPU.Build.0 = Release|Any CPU
		{3F373B02-07B8-4D1A-915D-674DFA94685E}.Debug|Any CPU.ActiveCfg = Debug|Any CPU
		{3F373B02-07B8-4D1A-915D-674DFA94685E}.Debug|Any CPU.Build.0 = Debug|Any CPU
		{3F373B02-07B8-4D1A-915D-674DFA94685E}.Release|Any CPU.ActiveCfg = Release|Any CPU
		{3F373B02-07B8-4D1A-915D-674DFA94685E}.Release|Any CPU.Build.0 = Release|Any CPU
		{D60BCC3E-2488-4C9B-B4B5-1FF467449CCF}.Debug|Any CPU.ActiveCfg = Debug|Any CPU
		{D60BCC3E-2488-4C9B-B4B5-1FF467449CCF}.Debug|Any CPU.Build.0 = Debug|Any CPU
		{D60BCC3E-2488-4C9B-B4B5-1FF467449CCF}.Release|Any CPU.ActiveCfg = Release|Any CPU
		{D60BCC3E-2488-4C9B-B4B5-1FF467449CCF}.Release|Any CPU.Build.0 = Release|Any CPU
		{0F6235B4-C992-4C95-BF30-A9E171142F22}.Debug|Any CPU.ActiveCfg = Debug|Any CPU
		{0F6235B4-C992-4C95-BF30-A9E171142F22}.Debug|Any CPU.Build.0 = Debug|Any CPU
		{0F6235B4-C992-4C95-BF30-A9E171142F22}.Release|Any CPU.ActiveCfg = Release|Any CPU
		{0F6235B4-C992-4C95-BF30-A9E171142F22}.Release|Any CPU.Build.0 = Release|Any CPU
		{238B96D8-F670-415D-919D-DE646AE8E9F3}.Debug|Any CPU.ActiveCfg = Debug|Any CPU
		{238B96D8-F670-415D-919D-DE646AE8E9F3}.Debug|Any CPU.Build.0 = Debug|Any CPU
		{238B96D8-F670-415D-919D-DE646AE8E9F3}.Release|Any CPU.ActiveCfg = Release|Any CPU
		{238B96D8-F670-415D-919D-DE646AE8E9F3}.Release|Any CPU.Build.0 = Release|Any CPU
		{E38C6FA3-5670-4410-84B7-54BF0047D5B7}.Debug|Any CPU.ActiveCfg = Debug|Any CPU
		{E38C6FA3-5670-4410-84B7-54BF0047D5B7}.Debug|Any CPU.Build.0 = Debug|Any CPU
		{E38C6FA3-5670-4410-84B7-54BF0047D5B7}.Release|Any CPU.ActiveCfg = Release|Any CPU
		{E38C6FA3-5670-4410-84B7-54BF0047D5B7}.Release|Any CPU.Build.0 = Release|Any CPU
		{C275B1C3-BCE3-4A61-82FE-DA3D6350C8AB}.Debug|Any CPU.ActiveCfg = Debug|Any CPU
		{C275B1C3-BCE3-4A61-82FE-DA3D6350C8AB}.Debug|Any CPU.Build.0 = Debug|Any CPU
		{C275B1C3-BCE3-4A61-82FE-DA3D6350C8AB}.Release|Any CPU.ActiveCfg = Release|Any CPU
		{C275B1C3-BCE3-4A61-82FE-DA3D6350C8AB}.Release|Any CPU.Build.0 = Release|Any CPU
		{8CE77742-152F-4702-B47C-68FADAFFF411}.Debug|Any CPU.ActiveCfg = Debug|Any CPU
		{8CE77742-152F-4702-B47C-68FADAFFF411}.Debug|Any CPU.Build.0 = Debug|Any CPU
		{8CE77742-152F-4702-B47C-68FADAFFF411}.Release|Any CPU.ActiveCfg = Release|Any CPU
		{8CE77742-152F-4702-B47C-68FADAFFF411}.Release|Any CPU.Build.0 = Release|Any CPU
		{3BC6AD75-F9E4-474C-BE85-CA5A87537974}.Debug|Any CPU.ActiveCfg = Debug|Any CPU
		{3BC6AD75-F9E4-474C-BE85-CA5A87537974}.Debug|Any CPU.Build.0 = Debug|Any CPU
		{3BC6AD75-F9E4-474C-BE85-CA5A87537974}.Release|Any CPU.ActiveCfg = Release|Any CPU
		{3BC6AD75-F9E4-474C-BE85-CA5A87537974}.Release|Any CPU.Build.0 = Release|Any CPU
		{939C687A-E21A-4337-9F86-3798EF28BCAF}.Debug|Any CPU.ActiveCfg = Debug|Any CPU
		{939C687A-E21A-4337-9F86-3798EF28BCAF}.Debug|Any CPU.Build.0 = Debug|Any CPU
		{939C687A-E21A-4337-9F86-3798EF28BCAF}.Release|Any CPU.ActiveCfg = Release|Any CPU
		{939C687A-E21A-4337-9F86-3798EF28BCAF}.Release|Any CPU.Build.0 = Release|Any CPU
		{E8EBED75-01F6-4702-B8BE-8EC7ED2C76E0}.Debug|Any CPU.ActiveCfg = Debug|Any CPU
		{E8EBED75-01F6-4702-B8BE-8EC7ED2C76E0}.Debug|Any CPU.Build.0 = Debug|Any CPU
		{E8EBED75-01F6-4702-B8BE-8EC7ED2C76E0}.Release|Any CPU.ActiveCfg = Release|Any CPU
		{E8EBED75-01F6-4702-B8BE-8EC7ED2C76E0}.Release|Any CPU.Build.0 = Release|Any CPU
		{BA5D71FE-AF31-41C4-9678-F2590E013D4D}.Debug|Any CPU.ActiveCfg = Debug|Any CPU
		{BA5D71FE-AF31-41C4-9678-F2590E013D4D}.Debug|Any CPU.Build.0 = Debug|Any CPU
		{BA5D71FE-AF31-41C4-9678-F2590E013D4D}.Release|Any CPU.ActiveCfg = Release|Any CPU
		{BA5D71FE-AF31-41C4-9678-F2590E013D4D}.Release|Any CPU.Build.0 = Release|Any CPU
		{0640F43B-86B6-4761-8F4F-5701EE3E4EA6}.Debug|Any CPU.ActiveCfg = Debug|Any CPU
		{0640F43B-86B6-4761-8F4F-5701EE3E4EA6}.Debug|Any CPU.Build.0 = Debug|Any CPU
		{0640F43B-86B6-4761-8F4F-5701EE3E4EA6}.Release|Any CPU.ActiveCfg = Release|Any CPU
		{0640F43B-86B6-4761-8F4F-5701EE3E4EA6}.Release|Any CPU.Build.0 = Release|Any CPU
		{45469916-50BB-4B47-B032-786CF85EBD6A}.Debug|Any CPU.ActiveCfg = Debug|Any CPU
		{45469916-50BB-4B47-B032-786CF85EBD6A}.Debug|Any CPU.Build.0 = Debug|Any CPU
		{45469916-50BB-4B47-B032-786CF85EBD6A}.Release|Any CPU.ActiveCfg = Release|Any CPU
		{45469916-50BB-4B47-B032-786CF85EBD6A}.Release|Any CPU.Build.0 = Release|Any CPU
		{ABE7F6B5-DF86-47A3-AE28-73BDB10BC299}.Debug|Any CPU.ActiveCfg = Debug|Any CPU
		{ABE7F6B5-DF86-47A3-AE28-73BDB10BC299}.Debug|Any CPU.Build.0 = Debug|Any CPU
		{ABE7F6B5-DF86-47A3-AE28-73BDB10BC299}.Release|Any CPU.ActiveCfg = Release|Any CPU
		{ABE7F6B5-DF86-47A3-AE28-73BDB10BC299}.Release|Any CPU.Build.0 = Release|Any CPU
		{C68524D6-446B-49E7-9A0D-194F7150DC96}.Debug|Any CPU.ActiveCfg = Debug|Any CPU
		{C68524D6-446B-49E7-9A0D-194F7150DC96}.Debug|Any CPU.Build.0 = Debug|Any CPU
		{C68524D6-446B-49E7-9A0D-194F7150DC96}.Release|Any CPU.ActiveCfg = Release|Any CPU
		{C68524D6-446B-49E7-9A0D-194F7150DC96}.Release|Any CPU.Build.0 = Release|Any CPU
		{9FC16180-01EF-4605-8B93-DCB6078D868A}.Debug|Any CPU.ActiveCfg = Debug|Any CPU
		{9FC16180-01EF-4605-8B93-DCB6078D868A}.Debug|Any CPU.Build.0 = Debug|Any CPU
		{9FC16180-01EF-4605-8B93-DCB6078D868A}.Release|Any CPU.ActiveCfg = Release|Any CPU
		{9FC16180-01EF-4605-8B93-DCB6078D868A}.Release|Any CPU.Build.0 = Release|Any CPU
		{6523BCD7-A3C2-42DD-B87D-4CE62794740C}.Debug|Any CPU.ActiveCfg = Debug|Any CPU
		{6523BCD7-A3C2-42DD-B87D-4CE62794740C}.Debug|Any CPU.Build.0 = Debug|Any CPU
		{6523BCD7-A3C2-42DD-B87D-4CE62794740C}.Release|Any CPU.ActiveCfg = Release|Any CPU
		{6523BCD7-A3C2-42DD-B87D-4CE62794740C}.Release|Any CPU.Build.0 = Release|Any CPU
		{272C8C60-6C5F-4586-A5E2-3D9F4BFDC0A2}.Debug|Any CPU.ActiveCfg = Debug|Any CPU
		{272C8C60-6C5F-4586-A5E2-3D9F4BFDC0A2}.Debug|Any CPU.Build.0 = Debug|Any CPU
		{272C8C60-6C5F-4586-A5E2-3D9F4BFDC0A2}.Release|Any CPU.ActiveCfg = Release|Any CPU
		{272C8C60-6C5F-4586-A5E2-3D9F4BFDC0A2}.Release|Any CPU.Build.0 = Release|Any CPU
		{30EC0B46-7FB9-40A8-8D07-52BFD4AC0FE5}.Debug|Any CPU.ActiveCfg = Debug|Any CPU
		{30EC0B46-7FB9-40A8-8D07-52BFD4AC0FE5}.Debug|Any CPU.Build.0 = Debug|Any CPU
		{30EC0B46-7FB9-40A8-8D07-52BFD4AC0FE5}.Release|Any CPU.ActiveCfg = Release|Any CPU
		{30EC0B46-7FB9-40A8-8D07-52BFD4AC0FE5}.Release|Any CPU.Build.0 = Release|Any CPU
		{9EBBD23B-F2C7-4E04-9B1B-ED3825C522D9}.Debug|Any CPU.ActiveCfg = Debug|Any CPU
		{9EBBD23B-F2C7-4E04-9B1B-ED3825C522D9}.Debug|Any CPU.Build.0 = Debug|Any CPU
		{9EBBD23B-F2C7-4E04-9B1B-ED3825C522D9}.Release|Any CPU.ActiveCfg = Release|Any CPU
		{9EBBD23B-F2C7-4E04-9B1B-ED3825C522D9}.Release|Any CPU.Build.0 = Release|Any CPU
		{42352296-5EA6-4167-AAAB-199DE4AC2F15}.Debug|Any CPU.ActiveCfg = Debug|Any CPU
		{42352296-5EA6-4167-AAAB-199DE4AC2F15}.Debug|Any CPU.Build.0 = Debug|Any CPU
		{42352296-5EA6-4167-AAAB-199DE4AC2F15}.Release|Any CPU.ActiveCfg = Release|Any CPU
		{42352296-5EA6-4167-AAAB-199DE4AC2F15}.Release|Any CPU.Build.0 = Release|Any CPU
		{EEDB0C92-E330-4A3C-9840-18E372B72BBF}.Debug|Any CPU.ActiveCfg = Debug|Any CPU
		{EEDB0C92-E330-4A3C-9840-18E372B72BBF}.Debug|Any CPU.Build.0 = Debug|Any CPU
		{EEDB0C92-E330-4A3C-9840-18E372B72BBF}.Release|Any CPU.ActiveCfg = Release|Any CPU
		{EEDB0C92-E330-4A3C-9840-18E372B72BBF}.Release|Any CPU.Build.0 = Release|Any CPU
		{1A6183E2-03F1-4E9F-90E9-D5F55490A9C7}.Debug|Any CPU.ActiveCfg = Debug|Any CPU
		{1A6183E2-03F1-4E9F-90E9-D5F55490A9C7}.Debug|Any CPU.Build.0 = Debug|Any CPU
		{1A6183E2-03F1-4E9F-90E9-D5F55490A9C7}.Release|Any CPU.ActiveCfg = Release|Any CPU
		{1A6183E2-03F1-4E9F-90E9-D5F55490A9C7}.Release|Any CPU.Build.0 = Release|Any CPU
		{C80F3548-403D-486D-8B35-3EAEC8E2303C}.Debug|Any CPU.ActiveCfg = Debug|Any CPU
		{C80F3548-403D-486D-8B35-3EAEC8E2303C}.Debug|Any CPU.Build.0 = Debug|Any CPU
		{C80F3548-403D-486D-8B35-3EAEC8E2303C}.Release|Any CPU.ActiveCfg = Release|Any CPU
		{C80F3548-403D-486D-8B35-3EAEC8E2303C}.Release|Any CPU.Build.0 = Release|Any CPU
		{0F44D7C4-60C6-49A8-85F0-662A44DC510F}.Debug|Any CPU.ActiveCfg = Debug|Any CPU
		{0F44D7C4-60C6-49A8-85F0-662A44DC510F}.Debug|Any CPU.Build.0 = Debug|Any CPU
		{0F44D7C4-60C6-49A8-85F0-662A44DC510F}.Release|Any CPU.ActiveCfg = Release|Any CPU
		{0F44D7C4-60C6-49A8-85F0-662A44DC510F}.Release|Any CPU.Build.0 = Release|Any CPU
		{561C3CA2-D7EB-4258-A3FC-2C073F634350}.Debug|Any CPU.ActiveCfg = Debug|Any CPU
		{561C3CA2-D7EB-4258-A3FC-2C073F634350}.Debug|Any CPU.Build.0 = Debug|Any CPU
		{561C3CA2-D7EB-4258-A3FC-2C073F634350}.Release|Any CPU.ActiveCfg = Release|Any CPU
		{561C3CA2-D7EB-4258-A3FC-2C073F634350}.Release|Any CPU.Build.0 = Release|Any CPU
		{E97A2A24-A3E4-4313-BDE8-EBFAA63FC3CB}.Debug|Any CPU.ActiveCfg = Debug|Any CPU
		{E97A2A24-A3E4-4313-BDE8-EBFAA63FC3CB}.Debug|Any CPU.Build.0 = Debug|Any CPU
		{E97A2A24-A3E4-4313-BDE8-EBFAA63FC3CB}.Release|Any CPU.ActiveCfg = Release|Any CPU
		{E97A2A24-A3E4-4313-BDE8-EBFAA63FC3CB}.Release|Any CPU.Build.0 = Release|Any CPU
	EndGlobalSection
	GlobalSection(SolutionProperties) = preSolution
		HideSolutionNode = FALSE
	EndGlobalSection
	GlobalSection(NestedProjects) = preSolution
		{55E0A051-C13D-4A47-8A37-38B63063E59A} = {4482D3F6-63AE-4F2D-B0D4-2705C2F7C83A}
		{B69D8BA1-728C-4639-947C-62F6CED2B8E1} = {B16D0962-1FC0-45AD-8CFD-7F93BE2A216A}
		{D644DFEA-5CED-4102-9806-085B6039E124} = {5C570452-261A-4367-9113-FAF6299FCDF0}
		{8F32DA6A-1B2C-47F2-A743-B04C76D63F2A} = {5C570452-261A-4367-9113-FAF6299FCDF0}
		{37789010-9750-45CA-9EA8-3B21FA8113D0} = {4C746A67-599E-4EAF-BEC6-DA2C54D2918D}
		{5C2BB4C7-3D80-4ECE-91B1-CF7A499E4AC7} = {4C746A67-599E-4EAF-BEC6-DA2C54D2918D}
		{0EEBA951-91E5-451D-A39B-43027DCE7533} = {5C570452-261A-4367-9113-FAF6299FCDF0}
		{811340A2-5065-4A98-9416-740E4145563B} = {5C570452-261A-4367-9113-FAF6299FCDF0}
		{21382227-267F-40FB-A4E3-4248DE9B1C0E} = {5C570452-261A-4367-9113-FAF6299FCDF0}
		{F106DAB3-2B94-4AC1-AB1B-39D3A747A654} = {4C746A67-599E-4EAF-BEC6-DA2C54D2918D}
		{CCF2EDA1-FBDB-4073-B8DD-30B4B61891B4} = {F75D4B42-C0DE-46D0-B316-8592046714B1}
		{A5CE067E-D4AA-41A4-BB82-6843F98530E1} = {F75D4B42-C0DE-46D0-B316-8592046714B1}
		{1435B8E4-3AAF-4711-A152-82079B0E40F0} = {F75D4B42-C0DE-46D0-B316-8592046714B1}
		{2717096E-0EFA-421B-91D5-3A987D7890F4} = {7C603C66-6EE7-438F-A4A4-42D8582470C4}
		{7AD8A457-2E64-4637-8B7C-E3115383AA6A} = {B16D0962-1FC0-45AD-8CFD-7F93BE2A216A}
		{47C71537-560E-4D50-9510-F1A96A5BA2BF} = {F75D4B42-C0DE-46D0-B316-8592046714B1}
		{E418F5C9-720C-4DE3-BF84-F2458C5F831A} = {4C746A67-599E-4EAF-BEC6-DA2C54D2918D}
		{466ACE9C-AC27-431D-A536-2BE7B12A1EA2} = {4C746A67-599E-4EAF-BEC6-DA2C54D2918D}
		{946ADE47-A68C-41D2-A8AF-C81FA94E9197} = {B16D0962-1FC0-45AD-8CFD-7F93BE2A216A}
		{ED97634B-F811-411C-B557-59C1D7A8EAD3} = {B16D0962-1FC0-45AD-8CFD-7F93BE2A216A}
		{D806B2C7-30D3-4230-85E2-A52EAE0605AC} = {F75D4B42-C0DE-46D0-B316-8592046714B1}
		{BF955270-CC89-4E6D-B5C3-DF2A02ACD4C5} = {516DDD30-CEF3-4C37-84CD-E48EAE5A7FB2}
		{D3B795B5-C76C-436B-B02A-B605F2F7AEDB} = {516DDD30-CEF3-4C37-84CD-E48EAE5A7FB2}
		{4998D9E4-ACBB-48F9-944B-A43F30FE8261} = {516DDD30-CEF3-4C37-84CD-E48EAE5A7FB2}
		{3F373B02-07B8-4D1A-915D-674DFA94685E} = {516DDD30-CEF3-4C37-84CD-E48EAE5A7FB2}
		{D60BCC3E-2488-4C9B-B4B5-1FF467449CCF} = {516DDD30-CEF3-4C37-84CD-E48EAE5A7FB2}
		{4BDFD178-9A47-4F3A-97A1-D9CB137B7108} = {516DDD30-CEF3-4C37-84CD-E48EAE5A7FB2}
		{0F6235B4-C992-4C95-BF30-A9E171142F22} = {4BDFD178-9A47-4F3A-97A1-D9CB137B7108}
		{FE2C4C0D-26DE-43E6-A350-FDE2D7306404} = {B16D0962-1FC0-45AD-8CFD-7F93BE2A216A}
		{238B96D8-F670-415D-919D-DE646AE8E9F3} = {FE2C4C0D-26DE-43E6-A350-FDE2D7306404}
		{E38C6FA3-5670-4410-84B7-54BF0047D5B7} = {F75D4B42-C0DE-46D0-B316-8592046714B1}
		{F0E8A30F-ABF8-46DB-B5E5-2523B9989998} = {4C746A67-599E-4EAF-BEC6-DA2C54D2918D}
		{77152508-5A92-4A78-9F1E-F0333C9C9E36} = {516DDD30-CEF3-4C37-84CD-E48EAE5A7FB2}
		{C275B1C3-BCE3-4A61-82FE-DA3D6350C8AB} = {B16D0962-1FC0-45AD-8CFD-7F93BE2A216A}
		{8CE77742-152F-4702-B47C-68FADAFFF411} = {B16D0962-1FC0-45AD-8CFD-7F93BE2A216A}
		{3BC6AD75-F9E4-474C-BE85-CA5A87537974} = {4C746A67-599E-4EAF-BEC6-DA2C54D2918D}
		{939C687A-E21A-4337-9F86-3798EF28BCAF} = {F106DAB3-2B94-4AC1-AB1B-39D3A747A654}
		{E8EBED75-01F6-4702-B8BE-8EC7ED2C76E0} = {F75D4B42-C0DE-46D0-B316-8592046714B1}
		{BA5D71FE-AF31-41C4-9678-F2590E013D4D} = {F75D4B42-C0DE-46D0-B316-8592046714B1}
		{0640F43B-86B6-4761-8F4F-5701EE3E4EA6} = {5C570452-261A-4367-9113-FAF6299FCDF0}
		{45469916-50BB-4B47-B032-786CF85EBD6A} = {FA943963-4767-4B99-95D2-287124CB28D2}
		{C81BADBC-38F5-42BC-BD1D-B4250CA75B73} = {FA943963-4767-4B99-95D2-287124CB28D2}
		{ABE7F6B5-DF86-47A3-AE28-73BDB10BC299} = {C81BADBC-38F5-42BC-BD1D-B4250CA75B73}
		{C68524D6-446B-49E7-9A0D-194F7150DC96} = {8662849F-973F-4489-A990-51B3B7015EDB}
		{9FC16180-01EF-4605-8B93-DCB6078D868A} = {4482D3F6-63AE-4F2D-B0D4-2705C2F7C83A}
		{6523BCD7-A3C2-42DD-B87D-4CE62794740C} = {4482D3F6-63AE-4F2D-B0D4-2705C2F7C83A}
		{272C8C60-6C5F-4586-A5E2-3D9F4BFDC0A2} = {4482D3F6-63AE-4F2D-B0D4-2705C2F7C83A}
		{30EC0B46-7FB9-40A8-8D07-52BFD4AC0FE5} = {4482D3F6-63AE-4F2D-B0D4-2705C2F7C83A}
		{9EBBD23B-F2C7-4E04-9B1B-ED3825C522D9} = {4482D3F6-63AE-4F2D-B0D4-2705C2F7C83A}
		{42352296-5EA6-4167-AAAB-199DE4AC2F15} = {8662849F-973F-4489-A990-51B3B7015EDB}
		{EEDB0C92-E330-4A3C-9840-18E372B72BBF} = {8662849F-973F-4489-A990-51B3B7015EDB}
		{1A6183E2-03F1-4E9F-90E9-D5F55490A9C7} = {8662849F-973F-4489-A990-51B3B7015EDB}
		{C80F3548-403D-486D-8B35-3EAEC8E2303C} = {4482D3F6-63AE-4F2D-B0D4-2705C2F7C83A}
		{0F44D7C4-60C6-49A8-85F0-662A44DC510F} = {8662849F-973F-4489-A990-51B3B7015EDB}
		{F75D4B42-C0DE-46D0-B316-8592046714B1} = {8662849F-973F-4489-A990-51B3B7015EDB}
		{CB846A08-65B6-479E-AB0C-2718B701CFCB} = {F75D4B42-C0DE-46D0-B316-8592046714B1}
		{9C049830-FFB6-40A2-A659-C0027F5BF92D} = {5C570452-261A-4367-9113-FAF6299FCDF0}
		{561C3CA2-D7EB-4258-A3FC-2C073F634350} = {2717096E-0EFA-421B-91D5-3A987D7890F4}
		{E97A2A24-A3E4-4313-BDE8-EBFAA63FC3CB} = {7C603C66-6EE7-438F-A4A4-42D8582470C4}
	EndGlobalSection
	GlobalSection(ExtensibilityGlobals) = postSolution
		SolutionGuid = {553F3816-797A-4132-99DE-C7F9ABBABB13}
	EndGlobalSection
EndGlobal
