
Microsoft Visual Studio Solution File, Format Version 12.00
# Visual Studio Version 17
VisualStudioVersion = 17.2.32526.322
MinimumVisualStudioVersion = 10.0.40219.1
Project("{9A19103F-16F7-4668-BE54-9A1E7A4F7556}") = "FoodSupply.Business", "Simulations\FoodSupply.Business.csproj", "{7136F098-17CD-41C3-B78D-D50250BA03A5}"
EndProject
Project("{9A19103F-16F7-4668-BE54-9A1E7A4F7556}") = "MessageQueues", "MessageQueues\MessageQueues.csproj", "{55E0A051-C13D-4A47-8A37-38B63063E59A}"
EndProject
Project("{2150E333-8FDC-42A3-9474-1A3956D46DE8}") = "Subcribers", "Subcribers", "{B69D8BA1-728C-4639-947C-62F6CED2B8E1}"
EndProject
Project("{9A19103F-16F7-4668-BE54-9A1E7A4F7556}") = "FoodDemandHandler", "FoodDemandHandler\src\FoodDemandHandler\FoodDemandHandler.csproj", "{EED2A47F-D66C-4203-A87E-1FA1F396E967}"
EndProject
Project("{9A19103F-16F7-4668-BE54-9A1E7A4F7556}") = "FoodDemandHandler.Tests", "FoodDemandHandler\test\FoodDemandHandler.Tests\FoodDemandHandler.Tests.csproj", "{22ED8C76-4418-4D2A-93FF-30E1D3AA66E8}"
EndProject
Project("{9A19103F-16F7-4668-BE54-9A1E7A4F7556}") = "IWS.Population.Business", "Population.Business\IWS.Population.Business.csproj", "{BAEA8B08-9360-4782-B7E3-FEAB1B8E2C18}"
EndProject
Project("{9A19103F-16F7-4668-BE54-9A1E7A4F7556}") = "Food.POC.Resource", "Food.POC.Resource\Food.POC.Resource.csproj", "{701F8E2C-D422-4114-A48D-09DD7C6976DC}"
EndProject
Project("{9A19103F-16F7-4668-BE54-9A1E7A4F7556}") = "IWS.Population.Access", "Population.Access\IWS.Population.Access.csproj", "{B95138CF-03AE-4E22-812F-D08144720102}"
EndProject
Project("{9A19103F-16F7-4668-BE54-9A1E7A4F7556}") = "IWS.Contracts", "IWS.Contracts\IWS.Contracts.csproj", "{D644DFEA-5CED-4102-9806-085B6039E124}"
EndProject
Project("{9A19103F-16F7-4668-BE54-9A1E7A4F7556}") = "IWS.Events", "IWS.Events\IWS.Events.csproj", "{8F32DA6A-1B2C-47F2-A743-B04C76D63F2A}"
EndProject
Project("{9A19103F-16F7-4668-BE54-9A1E7A4F7556}") = "IWS.Food.Events", "IWS.Food.Events\IWS.Food.Events.csproj", "{C4AF77CD-7831-43B2-9D29-2796605A0FFF}"
EndProject
Project("{2150E333-8FDC-42A3-9474-1A3956D46DE8}") = "Population", "Population", "{4C746A67-599E-4EAF-BEC6-DA2C54D2918D}"
EndProject
Project("{2150E333-8FDC-42A3-9474-1A3956D46DE8}") = "Food", "Food", "{516DDD30-CEF3-4C37-84CD-E48EAE5A7FB2}"
EndProject
Project("{9A19103F-16F7-4668-BE54-9A1E7A4F7556}") = "IWS.Food.Contracts", "IWS.Food.Contracts\IWS.Food.Contracts.csproj", "{24307E1A-BE6E-42B3-9B69-7A88DDB1D142}"
EndProject
Project("{9A19103F-16F7-4668-BE54-9A1E7A4F7556}") = "IWS.Contracts.Population", "IWS.Population.Contracts\IWS.Contracts.Population.csproj", "{37789010-9750-45CA-9EA8-3B21FA8113D0}"
EndProject
Project("{9A19103F-16F7-4668-BE54-9A1E7A4F7556}") = "IWS.Events.Population", "IWS.Population.Events\IWS.Events.Population.csproj", "{5C2BB4C7-3D80-4ECE-91B1-CF7A499E4AC7}"
EndProject
Project("{9A19103F-16F7-4668-BE54-9A1E7A4F7556}") = "IWS.Common.Access", "IWS.Common.Access\IWS.Common.Access.csproj", "{0EEBA951-91E5-451D-A39B-43027DCE7533}"
EndProject
Project("{9A19103F-16F7-4668-BE54-9A1E7A4F7556}") = "IWS.Common", "IWS.Common\IWS.Common.csproj", "{811340A2-5065-4A98-9416-740E4145563B}"
EndProject
Project("{9A19103F-16F7-4668-BE54-9A1E7A4F7556}") = "IWS.Population.Save.Api", "IWS.Population.Save.Api\src\IWS.Population.Save.Api\IWS.Population.Save.Api.csproj", "{AE7182DC-6512-4956-81BD-130A38FD1F8E}"
EndProject
Project("{9A19103F-16F7-4668-BE54-9A1E7A4F7556}") = "IWS.Common.Startups", "IWS.Common.Startups\IWS.Common.Startups.csproj", "{21382227-267F-40FB-A4E3-4248DE9B1C0E}"
EndProject
Project("{2150E333-8FDC-42A3-9474-1A3956D46DE8}") = "Tests", "Tests", "{F106DAB3-2B94-4AC1-AB1B-39D3A747A654}"
EndProject
Project("{9A19103F-16F7-4668-BE54-9A1E7A4F7556}") = "IWS.Population.Save.Api.Tests", "IWS.Population.Save.Api\test\IWS.Population.Save.Api.Tests\IWS.Population.Save.Api.Tests.csproj", "{1074CFCB-3A7C-4D27-8413-42CABEEA8863}"
EndProject
Project("{2150E333-8FDC-42A3-9474-1A3956D46DE8}") = "Water", "Water", "{8662849F-973F-4489-A990-51B3B7015EDB}"
EndProject
Project("{9A19103F-16F7-4668-BE54-9A1E7A4F7556}") = "IWS.Water.Delete.Api", "IWS.Water.Delete.Api\src\IWS.Water.Delete.Api\IWS.Water.Delete.Api.csproj", "{2C3A9E60-8FCF-4225-86FF-2DCFDA50A538}"
EndProject
Project("{9A19103F-16F7-4668-BE54-9A1E7A4F7556}") = "IWS.Water.Get.Api", "IWS.Water.Get.Api\src\IWS.Water.Get.Api\IWS.Water.Get.Api.csproj", "{D390722D-0712-4C93-84F7-11E8D1E60263}"
EndProject
Project("{9A19103F-16F7-4668-BE54-9A1E7A4F7556}") = "IWS.Water.Save.Api", "IWS.Water.Save.Api\src\IWS.Water.Save.Api\IWS.Water.Save.Api.csproj", "{9B48486A-2AF5-4BA4-80F3-C9C0B3F3915A}"
EndProject
Project("{FAE04EC0-301F-11D3-BF4B-00C04F79EFBC}") = "IWS.Water.Business", "IWS.Water.Business\IWS.Water.Business.csproj", "{CCF2EDA1-FBDB-4073-B8DD-30B4B61891B4}"
EndProject
Project("{FAE04EC0-301F-11D3-BF4B-00C04F79EFBC}") = "IWS.Water.Access", "IWS.Water.Access\IWS.Water.Access.csproj", "{A5CE067E-D4AA-41A4-BB82-6843F98530E1}"
EndProject
Project("{FAE04EC0-301F-11D3-BF4B-00C04F79EFBC}") = "IWS.Contracts.Water", "IWS.Contracts.Water\IWS.Contracts.Water.csproj", "{1435B8E4-3AAF-4711-A152-82079B0E40F0}"
EndProject
Project("{2150E333-8FDC-42A3-9474-1A3956D46DE8}") = "Tests", "Tests", "{2717096E-0EFA-421B-91D5-3A987D7890F4}"
EndProject
Project("{9A19103F-16F7-4668-BE54-9A1E7A4F7556}") = "IWS.Water.Save.Api.Tests", "IWS.Water.Save.Api\test\IWS.Water.Save.Api.Tests\IWS.Water.Save.Api.Tests.csproj", "{703C9902-17FF-4171-A4C6-0CD76FDCEEEB}"
EndProject
Project("{9A19103F-16F7-4668-BE54-9A1E7A4F7556}") = "IWS.Water.Get.Api.Tests", "IWS.Water.Get.Api\test\IWS.Water.Get.Api.Tests\IWS.Water.Get.Api.Tests.csproj", "{EB252140-1F5D-4D98-8CC1-6AF06D9AF499}"
EndProject
Global
	GlobalSection(SolutionConfigurationPlatforms) = preSolution
		Debug|Any CPU = Debug|Any CPU
		Release|Any CPU = Release|Any CPU
	EndGlobalSection
	GlobalSection(ProjectConfigurationPlatforms) = postSolution
		{7136F098-17CD-41C3-B78D-D50250BA03A5}.Debug|Any CPU.ActiveCfg = Debug|Any CPU
		{7136F098-17CD-41C3-B78D-D50250BA03A5}.Debug|Any CPU.Build.0 = Debug|Any CPU
		{7136F098-17CD-41C3-B78D-D50250BA03A5}.Release|Any CPU.ActiveCfg = Release|Any CPU
		{7136F098-17CD-41C3-B78D-D50250BA03A5}.Release|Any CPU.Build.0 = Release|Any CPU
		{55E0A051-C13D-4A47-8A37-38B63063E59A}.Debug|Any CPU.ActiveCfg = Debug|Any CPU
		{55E0A051-C13D-4A47-8A37-38B63063E59A}.Debug|Any CPU.Build.0 = Debug|Any CPU
		{55E0A051-C13D-4A47-8A37-38B63063E59A}.Release|Any CPU.ActiveCfg = Release|Any CPU
		{55E0A051-C13D-4A47-8A37-38B63063E59A}.Release|Any CPU.Build.0 = Release|Any CPU
		{EED2A47F-D66C-4203-A87E-1FA1F396E967}.Debug|Any CPU.ActiveCfg = Debug|Any CPU
		{EED2A47F-D66C-4203-A87E-1FA1F396E967}.Debug|Any CPU.Build.0 = Debug|Any CPU
		{EED2A47F-D66C-4203-A87E-1FA1F396E967}.Release|Any CPU.ActiveCfg = Release|Any CPU
		{EED2A47F-D66C-4203-A87E-1FA1F396E967}.Release|Any CPU.Build.0 = Release|Any CPU
		{22ED8C76-4418-4D2A-93FF-30E1D3AA66E8}.Debug|Any CPU.ActiveCfg = Debug|Any CPU
		{22ED8C76-4418-4D2A-93FF-30E1D3AA66E8}.Debug|Any CPU.Build.0 = Debug|Any CPU
		{22ED8C76-4418-4D2A-93FF-30E1D3AA66E8}.Release|Any CPU.ActiveCfg = Release|Any CPU
		{22ED8C76-4418-4D2A-93FF-30E1D3AA66E8}.Release|Any CPU.Build.0 = Release|Any CPU
		{BAEA8B08-9360-4782-B7E3-FEAB1B8E2C18}.Debug|Any CPU.ActiveCfg = Debug|Any CPU
		{BAEA8B08-9360-4782-B7E3-FEAB1B8E2C18}.Debug|Any CPU.Build.0 = Debug|Any CPU
		{BAEA8B08-9360-4782-B7E3-FEAB1B8E2C18}.Release|Any CPU.ActiveCfg = Release|Any CPU
		{BAEA8B08-9360-4782-B7E3-FEAB1B8E2C18}.Release|Any CPU.Build.0 = Release|Any CPU
		{701F8E2C-D422-4114-A48D-09DD7C6976DC}.Debug|Any CPU.ActiveCfg = Debug|Any CPU
		{701F8E2C-D422-4114-A48D-09DD7C6976DC}.Debug|Any CPU.Build.0 = Debug|Any CPU
		{701F8E2C-D422-4114-A48D-09DD7C6976DC}.Release|Any CPU.ActiveCfg = Release|Any CPU
		{701F8E2C-D422-4114-A48D-09DD7C6976DC}.Release|Any CPU.Build.0 = Release|Any CPU
		{B95138CF-03AE-4E22-812F-D08144720102}.Debug|Any CPU.ActiveCfg = Debug|Any CPU
		{B95138CF-03AE-4E22-812F-D08144720102}.Debug|Any CPU.Build.0 = Debug|Any CPU
		{B95138CF-03AE-4E22-812F-D08144720102}.Release|Any CPU.ActiveCfg = Release|Any CPU
		{B95138CF-03AE-4E22-812F-D08144720102}.Release|Any CPU.Build.0 = Release|Any CPU
		{D644DFEA-5CED-4102-9806-085B6039E124}.Debug|Any CPU.ActiveCfg = Debug|Any CPU
		{D644DFEA-5CED-4102-9806-085B6039E124}.Debug|Any CPU.Build.0 = Debug|Any CPU
		{D644DFEA-5CED-4102-9806-085B6039E124}.Release|Any CPU.ActiveCfg = Release|Any CPU
		{D644DFEA-5CED-4102-9806-085B6039E124}.Release|Any CPU.Build.0 = Release|Any CPU
		{8F32DA6A-1B2C-47F2-A743-B04C76D63F2A}.Debug|Any CPU.ActiveCfg = Debug|Any CPU
		{8F32DA6A-1B2C-47F2-A743-B04C76D63F2A}.Debug|Any CPU.Build.0 = Debug|Any CPU
		{8F32DA6A-1B2C-47F2-A743-B04C76D63F2A}.Release|Any CPU.ActiveCfg = Release|Any CPU
		{8F32DA6A-1B2C-47F2-A743-B04C76D63F2A}.Release|Any CPU.Build.0 = Release|Any CPU
		{C4AF77CD-7831-43B2-9D29-2796605A0FFF}.Debug|Any CPU.ActiveCfg = Debug|Any CPU
		{C4AF77CD-7831-43B2-9D29-2796605A0FFF}.Debug|Any CPU.Build.0 = Debug|Any CPU
		{C4AF77CD-7831-43B2-9D29-2796605A0FFF}.Release|Any CPU.ActiveCfg = Release|Any CPU
		{C4AF77CD-7831-43B2-9D29-2796605A0FFF}.Release|Any CPU.Build.0 = Release|Any CPU
		{24307E1A-BE6E-42B3-9B69-7A88DDB1D142}.Debug|Any CPU.ActiveCfg = Debug|Any CPU
		{24307E1A-BE6E-42B3-9B69-7A88DDB1D142}.Debug|Any CPU.Build.0 = Debug|Any CPU
		{24307E1A-BE6E-42B3-9B69-7A88DDB1D142}.Release|Any CPU.ActiveCfg = Release|Any CPU
		{24307E1A-BE6E-42B3-9B69-7A88DDB1D142}.Release|Any CPU.Build.0 = Release|Any CPU
		{37789010-9750-45CA-9EA8-3B21FA8113D0}.Debug|Any CPU.ActiveCfg = Debug|Any CPU
		{37789010-9750-45CA-9EA8-3B21FA8113D0}.Debug|Any CPU.Build.0 = Debug|Any CPU
		{37789010-9750-45CA-9EA8-3B21FA8113D0}.Release|Any CPU.ActiveCfg = Release|Any CPU
		{37789010-9750-45CA-9EA8-3B21FA8113D0}.Release|Any CPU.Build.0 = Release|Any CPU
		{5C2BB4C7-3D80-4ECE-91B1-CF7A499E4AC7}.Debug|Any CPU.ActiveCfg = Debug|Any CPU
		{5C2BB4C7-3D80-4ECE-91B1-CF7A499E4AC7}.Debug|Any CPU.Build.0 = Debug|Any CPU
		{5C2BB4C7-3D80-4ECE-91B1-CF7A499E4AC7}.Release|Any CPU.ActiveCfg = Release|Any CPU
		{5C2BB4C7-3D80-4ECE-91B1-CF7A499E4AC7}.Release|Any CPU.Build.0 = Release|Any CPU
		{0EEBA951-91E5-451D-A39B-43027DCE7533}.Debug|Any CPU.ActiveCfg = Debug|Any CPU
		{0EEBA951-91E5-451D-A39B-43027DCE7533}.Debug|Any CPU.Build.0 = Debug|Any CPU
		{0EEBA951-91E5-451D-A39B-43027DCE7533}.Release|Any CPU.ActiveCfg = Release|Any CPU
		{0EEBA951-91E5-451D-A39B-43027DCE7533}.Release|Any CPU.Build.0 = Release|Any CPU
		{811340A2-5065-4A98-9416-740E4145563B}.Debug|Any CPU.ActiveCfg = Debug|Any CPU
		{811340A2-5065-4A98-9416-740E4145563B}.Debug|Any CPU.Build.0 = Debug|Any CPU
		{811340A2-5065-4A98-9416-740E4145563B}.Release|Any CPU.ActiveCfg = Release|Any CPU
		{811340A2-5065-4A98-9416-740E4145563B}.Release|Any CPU.Build.0 = Release|Any CPU
		{AE7182DC-6512-4956-81BD-130A38FD1F8E}.Debug|Any CPU.ActiveCfg = Debug|Any CPU
		{AE7182DC-6512-4956-81BD-130A38FD1F8E}.Debug|Any CPU.Build.0 = Debug|Any CPU
		{AE7182DC-6512-4956-81BD-130A38FD1F8E}.Release|Any CPU.ActiveCfg = Release|Any CPU
		{AE7182DC-6512-4956-81BD-130A38FD1F8E}.Release|Any CPU.Build.0 = Release|Any CPU
		{21382227-267F-40FB-A4E3-4248DE9B1C0E}.Debug|Any CPU.ActiveCfg = Debug|Any CPU
		{21382227-267F-40FB-A4E3-4248DE9B1C0E}.Debug|Any CPU.Build.0 = Debug|Any CPU
		{21382227-267F-40FB-A4E3-4248DE9B1C0E}.Release|Any CPU.ActiveCfg = Release|Any CPU
		{21382227-267F-40FB-A4E3-4248DE9B1C0E}.Release|Any CPU.Build.0 = Release|Any CPU
		{1074CFCB-3A7C-4D27-8413-42CABEEA8863}.Debug|Any CPU.ActiveCfg = Debug|Any CPU
		{1074CFCB-3A7C-4D27-8413-42CABEEA8863}.Debug|Any CPU.Build.0 = Debug|Any CPU
		{1074CFCB-3A7C-4D27-8413-42CABEEA8863}.Release|Any CPU.ActiveCfg = Release|Any CPU
		{1074CFCB-3A7C-4D27-8413-42CABEEA8863}.Release|Any CPU.Build.0 = Release|Any CPU
		{2C3A9E60-8FCF-4225-86FF-2DCFDA50A538}.Debug|Any CPU.ActiveCfg = Debug|Any CPU
		{2C3A9E60-8FCF-4225-86FF-2DCFDA50A538}.Debug|Any CPU.Build.0 = Debug|Any CPU
		{2C3A9E60-8FCF-4225-86FF-2DCFDA50A538}.Release|Any CPU.ActiveCfg = Release|Any CPU
		{2C3A9E60-8FCF-4225-86FF-2DCFDA50A538}.Release|Any CPU.Build.0 = Release|Any CPU
		{D390722D-0712-4C93-84F7-11E8D1E60263}.Debug|Any CPU.ActiveCfg = Debug|Any CPU
		{D390722D-0712-4C93-84F7-11E8D1E60263}.Debug|Any CPU.Build.0 = Debug|Any CPU
		{D390722D-0712-4C93-84F7-11E8D1E60263}.Release|Any CPU.ActiveCfg = Release|Any CPU
		{D390722D-0712-4C93-84F7-11E8D1E60263}.Release|Any CPU.Build.0 = Release|Any CPU
		{9B48486A-2AF5-4BA4-80F3-C9C0B3F3915A}.Debug|Any CPU.ActiveCfg = Debug|Any CPU
		{9B48486A-2AF5-4BA4-80F3-C9C0B3F3915A}.Debug|Any CPU.Build.0 = Debug|Any CPU
		{9B48486A-2AF5-4BA4-80F3-C9C0B3F3915A}.Release|Any CPU.ActiveCfg = Release|Any CPU
		{9B48486A-2AF5-4BA4-80F3-C9C0B3F3915A}.Release|Any CPU.Build.0 = Release|Any CPU
		{CCF2EDA1-FBDB-4073-B8DD-30B4B61891B4}.Debug|Any CPU.ActiveCfg = Debug|Any CPU
		{CCF2EDA1-FBDB-4073-B8DD-30B4B61891B4}.Debug|Any CPU.Build.0 = Debug|Any CPU
		{CCF2EDA1-FBDB-4073-B8DD-30B4B61891B4}.Release|Any CPU.ActiveCfg = Release|Any CPU
		{CCF2EDA1-FBDB-4073-B8DD-30B4B61891B4}.Release|Any CPU.Build.0 = Release|Any CPU
		{A5CE067E-D4AA-41A4-BB82-6843F98530E1}.Debug|Any CPU.ActiveCfg = Debug|Any CPU
		{A5CE067E-D4AA-41A4-BB82-6843F98530E1}.Debug|Any CPU.Build.0 = Debug|Any CPU
		{A5CE067E-D4AA-41A4-BB82-6843F98530E1}.Release|Any CPU.ActiveCfg = Release|Any CPU
		{A5CE067E-D4AA-41A4-BB82-6843F98530E1}.Release|Any CPU.Build.0 = Release|Any CPU
		{1435B8E4-3AAF-4711-A152-82079B0E40F0}.Debug|Any CPU.ActiveCfg = Debug|Any CPU
		{1435B8E4-3AAF-4711-A152-82079B0E40F0}.Debug|Any CPU.Build.0 = Debug|Any CPU
		{1435B8E4-3AAF-4711-A152-82079B0E40F0}.Release|Any CPU.ActiveCfg = Release|Any CPU
		{1435B8E4-3AAF-4711-A152-82079B0E40F0}.Release|Any CPU.Build.0 = Release|Any CPU
		{703C9902-17FF-4171-A4C6-0CD76FDCEEEB}.Debug|Any CPU.ActiveCfg = Debug|Any CPU
		{703C9902-17FF-4171-A4C6-0CD76FDCEEEB}.Debug|Any CPU.Build.0 = Debug|Any CPU
		{703C9902-17FF-4171-A4C6-0CD76FDCEEEB}.Release|Any CPU.ActiveCfg = Release|Any CPU
		{703C9902-17FF-4171-A4C6-0CD76FDCEEEB}.Release|Any CPU.Build.0 = Release|Any CPU
		{EB252140-1F5D-4D98-8CC1-6AF06D9AF499}.Debug|Any CPU.ActiveCfg = Debug|Any CPU
		{EB252140-1F5D-4D98-8CC1-6AF06D9AF499}.Debug|Any CPU.Build.0 = Debug|Any CPU
		{EB252140-1F5D-4D98-8CC1-6AF06D9AF499}.Release|Any CPU.ActiveCfg = Release|Any CPU
		{EB252140-1F5D-4D98-8CC1-6AF06D9AF499}.Release|Any CPU.Build.0 = Release|Any CPU
	EndGlobalSection
	GlobalSection(SolutionProperties) = preSolution
		HideSolutionNode = FALSE
	EndGlobalSection
	GlobalSection(NestedProjects) = preSolution
		{7136F098-17CD-41C3-B78D-D50250BA03A5} = {516DDD30-CEF3-4C37-84CD-E48EAE5A7FB2}
		{EED2A47F-D66C-4203-A87E-1FA1F396E967} = {B69D8BA1-728C-4639-947C-62F6CED2B8E1}
		{22ED8C76-4418-4D2A-93FF-30E1D3AA66E8} = {516DDD30-CEF3-4C37-84CD-E48EAE5A7FB2}
		{BAEA8B08-9360-4782-B7E3-FEAB1B8E2C18} = {4C746A67-599E-4EAF-BEC6-DA2C54D2918D}
		{701F8E2C-D422-4114-A48D-09DD7C6976DC} = {516DDD30-CEF3-4C37-84CD-E48EAE5A7FB2}
		{B95138CF-03AE-4E22-812F-D08144720102} = {4C746A67-599E-4EAF-BEC6-DA2C54D2918D}
		{C4AF77CD-7831-43B2-9D29-2796605A0FFF} = {516DDD30-CEF3-4C37-84CD-E48EAE5A7FB2}
		{24307E1A-BE6E-42B3-9B69-7A88DDB1D142} = {516DDD30-CEF3-4C37-84CD-E48EAE5A7FB2}
		{37789010-9750-45CA-9EA8-3B21FA8113D0} = {4C746A67-599E-4EAF-BEC6-DA2C54D2918D}
		{5C2BB4C7-3D80-4ECE-91B1-CF7A499E4AC7} = {4C746A67-599E-4EAF-BEC6-DA2C54D2918D}
		{AE7182DC-6512-4956-81BD-130A38FD1F8E} = {4C746A67-599E-4EAF-BEC6-DA2C54D2918D}
		{F106DAB3-2B94-4AC1-AB1B-39D3A747A654} = {4C746A67-599E-4EAF-BEC6-DA2C54D2918D}
		{1074CFCB-3A7C-4D27-8413-42CABEEA8863} = {F106DAB3-2B94-4AC1-AB1B-39D3A747A654}
		{2C3A9E60-8FCF-4225-86FF-2DCFDA50A538} = {8662849F-973F-4489-A990-51B3B7015EDB}
		{D390722D-0712-4C93-84F7-11E8D1E60263} = {8662849F-973F-4489-A990-51B3B7015EDB}
		{9B48486A-2AF5-4BA4-80F3-C9C0B3F3915A} = {8662849F-973F-4489-A990-51B3B7015EDB}
		{CCF2EDA1-FBDB-4073-B8DD-30B4B61891B4} = {8662849F-973F-4489-A990-51B3B7015EDB}
		{A5CE067E-D4AA-41A4-BB82-6843F98530E1} = {8662849F-973F-4489-A990-51B3B7015EDB}
		{1435B8E4-3AAF-4711-A152-82079B0E40F0} = {8662849F-973F-4489-A990-51B3B7015EDB}
		{2717096E-0EFA-421B-91D5-3A987D7890F4} = {8662849F-973F-4489-A990-51B3B7015EDB}
		{703C9902-17FF-4171-A4C6-0CD76FDCEEEB} = {2717096E-0EFA-421B-91D5-3A987D7890F4}
		{EB252140-1F5D-4D98-8CC1-6AF06D9AF499} = {2717096E-0EFA-421B-91D5-3A987D7890F4}
	EndGlobalSection
	GlobalSection(ExtensibilityGlobals) = postSolution
		SolutionGuid = {553F3816-797A-4132-99DE-C7F9ABBABB13}
	EndGlobalSection
EndGlobal
